
Microsoft Visual Studio Solution File, Format Version 12.00
# Visual Studio Version 16
VisualStudioVersion = 16.0.32002.261
MinimumVisualStudioVersion = 10.0.40219.1
Project("{F2A71F9B-5D33-465A-A702-920D77279786}") = "FS_7", "FS_7\FS_7.fsproj", "{16D62461-AB3E-47E5-A590-D5A2C149CD4D}"
EndProject
Global
	GlobalSection(SolutionConfigurationPlatforms) = preSolution
		Debug|Any CPU = Debug|Any CPU
		Release|Any CPU = Release|Any CPU
	EndGlobalSection
	GlobalSection(ProjectConfigurationPlatforms) = postSolution
		{16D62461-AB3E-47E5-A590-D5A2C149CD4D}.Debug|Any CPU.ActiveCfg = Debug|Any CPU
		{16D62461-AB3E-47E5-A590-D5A2C149CD4D}.Debug|Any CPU.Build.0 = Debug|Any CPU
		{16D62461-AB3E-47E5-A590-D5A2C149CD4D}.Release|Any CPU.ActiveCfg = Release|Any CPU
		{16D62461-AB3E-47E5-A590-D5A2C149CD4D}.Release|Any CPU.Build.0 = Release|Any CPU
	EndGlobalSection
	GlobalSection(SolutionProperties) = preSolution
		HideSolutionNode = FALSE
	EndGlobalSection
	GlobalSection(ExtensibilityGlobals) = postSolution
		SolutionGuid = {C9ABE103-8F74-4406-AD8C-FA469B998DBC}
	EndGlobalSection
EndGlobal
