
Microsoft Visual Studio Solution File, Format Version 12.00
# Visual Studio Version 17
VisualStudioVersion = 17.1.32407.343
MinimumVisualStudioVersion = 10.0.40219.1
Project("{F2A71F9B-5D33-465A-A702-920D77279786}") = "FS_9", "FS_9\FS_9.fsproj", "{51D65E5F-3CD8-4DFB-B9EB-C401FE53ED87}"
EndProject
Global
	GlobalSection(SolutionConfigurationPlatforms) = preSolution
		Debug|Any CPU = Debug|Any CPU
		Release|Any CPU = Release|Any CPU
	EndGlobalSection
	GlobalSection(ProjectConfigurationPlatforms) = postSolution
		{51D65E5F-3CD8-4DFB-B9EB-C401FE53ED87}.Debug|Any CPU.ActiveCfg = Debug|Any CPU
		{51D65E5F-3CD8-4DFB-B9EB-C401FE53ED87}.Debug|Any CPU.Build.0 = Debug|Any CPU
		{51D65E5F-3CD8-4DFB-B9EB-C401FE53ED87}.Release|Any CPU.ActiveCfg = Release|Any CPU
		{51D65E5F-3CD8-4DFB-B9EB-C401FE53ED87}.Release|Any CPU.Build.0 = Release|Any CPU
	EndGlobalSection
	GlobalSection(SolutionProperties) = preSolution
		HideSolutionNode = FALSE
	EndGlobalSection
	GlobalSection(ExtensibilityGlobals) = postSolution
		SolutionGuid = {A6B78D4C-DB3C-4883-A265-75A3A11AADC3}
	EndGlobalSection
EndGlobal
