
Microsoft Visual Studio Solution File, Format Version 12.00
# Visual Studio Version 17
VisualStudioVersion = 17.1.32407.343
MinimumVisualStudioVersion = 10.0.40219.1
Project("{F2A71F9B-5D33-465A-A702-920D77279786}") = "FS_8", "FS_8\FS_8.fsproj", "{B542B36F-25B4-428D-A928-8BD45BD5ABB2}"
EndProject
Global
	GlobalSection(SolutionConfigurationPlatforms) = preSolution
		Debug|Any CPU = Debug|Any CPU
		Release|Any CPU = Release|Any CPU
	EndGlobalSection
	GlobalSection(ProjectConfigurationPlatforms) = postSolution
		{B542B36F-25B4-428D-A928-8BD45BD5ABB2}.Debug|Any CPU.ActiveCfg = Debug|Any CPU
		{B542B36F-25B4-428D-A928-8BD45BD5ABB2}.Debug|Any CPU.Build.0 = Debug|Any CPU
		{B542B36F-25B4-428D-A928-8BD45BD5ABB2}.Release|Any CPU.ActiveCfg = Release|Any CPU
		{B542B36F-25B4-428D-A928-8BD45BD5ABB2}.Release|Any CPU.Build.0 = Release|Any CPU
	EndGlobalSection
	GlobalSection(SolutionProperties) = preSolution
		HideSolutionNode = FALSE
	EndGlobalSection
	GlobalSection(ExtensibilityGlobals) = postSolution
		SolutionGuid = {5C587EA1-CFFD-4EC5-B1F0-2BF10ADD7F59}
	EndGlobalSection
EndGlobal
