
Microsoft Visual Studio Solution File, Format Version 12.00
# Visual Studio Version 16
VisualStudioVersion = 16.0.32002.261
MinimumVisualStudioVersion = 10.0.40219.1
Project("{F2A71F9B-5D33-465A-A702-920D77279786}") = "FS_5", "FS_5\FS_5.fsproj", "{276EA516-E207-4B1E-80EC-C36CD6B1D262}"
EndProject
Global
	GlobalSection(SolutionConfigurationPlatforms) = preSolution
		Debug|Any CPU = Debug|Any CPU
		Release|Any CPU = Release|Any CPU
	EndGlobalSection
	GlobalSection(ProjectConfigurationPlatforms) = postSolution
		{276EA516-E207-4B1E-80EC-C36CD6B1D262}.Debug|Any CPU.ActiveCfg = Debug|Any CPU
		{276EA516-E207-4B1E-80EC-C36CD6B1D262}.Debug|Any CPU.Build.0 = Debug|Any CPU
		{276EA516-E207-4B1E-80EC-C36CD6B1D262}.Release|Any CPU.ActiveCfg = Release|Any CPU
		{276EA516-E207-4B1E-80EC-C36CD6B1D262}.Release|Any CPU.Build.0 = Release|Any CPU
	EndGlobalSection
	GlobalSection(SolutionProperties) = preSolution
		HideSolutionNode = FALSE
	EndGlobalSection
	GlobalSection(ExtensibilityGlobals) = postSolution
		SolutionGuid = {CD3C8286-E992-4C4B-9DF0-1EC9E589B888}
	EndGlobalSection
EndGlobal
